{
  "name": "agenthire-cli",
  "version": "1.0.0",
  "lockfileVersion": 3,
  "requires": true,
  "packages": {
    "": {
      "name": "agenthire-cli",
      "version": "1.0.0",
      "dependencies": {
        "commander": "^12.1.0",
        "diff": "^5.2.0"
      },
      "bin": {
        "agenthire": "bin/agenthire.js"
      },
      "engines": {
        "node": ">=18"
      }
    },
    "node_modules/commander": {
      "version": "12.1.0",
      "resolved": "https://registry.npmjs.org/commander/-/commander-12.1.0.tgz",
      "integrity": "sha512-Vw8qHK3bZM9y/P10u3Vib8o/DdkvA2OtPtZvD871QKjy74Wj1WSKFILMPRPSdUSx5RFK1arlJzEtA4PkFgnbuA==",
      "license": "MIT",
      "engines": {
        "node": ">=18"
      }
    },
    "node_modules/diff": {
      "version": "5.2.2",
      "resolved": "https://registry.npmjs.org/diff/-/diff-5.2.2.tgz",
      "integrity": "sha512-vtcDfH3TOjP8UekytvnHH1o1P4FcUdt4eQ1Y+Abap1tk/OB2MWQvcwS2ClCd1zuIhc3JKOx6p3kod8Vfys3E+A==",
      "license": "BSD-3-Clause",
      "engines": {
        "node": ">=0.3.1"
      }
    }
  }
}
